
Microsoft Visual Studio Solution File, Format Version 12.00
# Visual Studio Version 16
VisualStudioVersion = 16.0.34407.143
MinimumVisualStudioVersion = 10.0.40219.1
Project("{FAE04EC0-301F-11D3-BF4B-00C04F79EFBC}") = "Discos", "Discos\Discos.csproj", "{001CD390-4A3F-4B47-9759-9989320CD79B}"
EndProject
Project("{FAE04EC0-301F-11D3-BF4B-00C04F79EFBC}") = "dominio", "dominio\dominio.csproj", "{08ED22D6-894F-41DF-AB2E-1B69934D92A6}"
EndProject
Project("{FAE04EC0-301F-11D3-BF4B-00C04F79EFBC}") = "negocio", "negocio\negocio.csproj", "{D22774CE-A3C6-4E47-B3E1-7F8A2D61680D}"
EndProject
Global
	GlobalSection(SolutionConfigurationPlatforms) = preSolution
		Debug|Any CPU = Debug|Any CPU
		Release|Any CPU = Release|Any CPU
	EndGlobalSection
	GlobalSection(ProjectConfigurationPlatforms) = postSolution
		{001CD390-4A3F-4B47-9759-9989320CD79B}.Debug|Any CPU.ActiveCfg = Debug|Any CPU
		{001CD390-4A3F-4B47-9759-9989320CD79B}.Debug|Any CPU.Build.0 = Debug|Any CPU
		{001CD390-4A3F-4B47-9759-9989320CD79B}.Release|Any CPU.ActiveCfg = Release|Any CPU
		{001CD390-4A3F-4B47-9759-9989320CD79B}.Release|Any CPU.Build.0 = Release|Any CPU
		{08ED22D6-894F-41DF-AB2E-1B69934D92A6}.Debug|Any CPU.ActiveCfg = Debug|Any CPU
		{08ED22D6-894F-41DF-AB2E-1B69934D92A6}.Debug|Any CPU.Build.0 = Debug|Any CPU
		{08ED22D6-894F-41DF-AB2E-1B69934D92A6}.Release|Any CPU.ActiveCfg = Release|Any CPU
		{08ED22D6-894F-41DF-AB2E-1B69934D92A6}.Release|Any CPU.Build.0 = Release|Any CPU
		{D22774CE-A3C6-4E47-B3E1-7F8A2D61680D}.Debug|Any CPU.ActiveCfg = Debug|Any CPU
		{D22774CE-A3C6-4E47-B3E1-7F8A2D61680D}.Debug|Any CPU.Build.0 = Debug|Any CPU
		{D22774CE-A3C6-4E47-B3E1-7F8A2D61680D}.Release|Any CPU.ActiveCfg = Release|Any CPU
		{D22774CE-A3C6-4E47-B3E1-7F8A2D61680D}.Release|Any CPU.Build.0 = Release|Any CPU
	EndGlobalSection
	GlobalSection(SolutionProperties) = preSolution
		HideSolutionNode = FALSE
	EndGlobalSection
	GlobalSection(ExtensibilityGlobals) = postSolution
		SolutionGuid = {DA21EF38-CF4F-4DBD-9D68-5EB4B68783E6}
	EndGlobalSection
EndGlobal
